
Microsoft Visual Studio Solution File, Format Version 12.00
# Visual Studio Version 16
VisualStudioVersion = 16.0.33801.447
MinimumVisualStudioVersion = 10.0.40219.1
Project("{FAE04EC0-301F-11D3-BF4B-00C04F79EFBC}") = "AddFindIndexcmsFram", "AddFindIndexcmsFram\AddFindIndexcmsFram.csproj", "{91E318DD-AB4A-47C9-8777-E948BC5E1705}"
EndProject
Global
	GlobalSection(SolutionConfigurationPlatforms) = preSolution
		Debug|Any CPU = Debug|Any CPU
		Release|Any CPU = Release|Any CPU
	EndGlobalSection
	GlobalSection(ProjectConfigurationPlatforms) = postSolution
		{91E318DD-AB4A-47C9-8777-E948BC5E1705}.Debug|Any CPU.ActiveCfg = Debug|Any CPU
		{91E318DD-AB4A-47C9-8777-E948BC5E1705}.Debug|Any CPU.Build.0 = Debug|Any CPU
		{91E318DD-AB4A-47C9-8777-E948BC5E1705}.Release|Any CPU.ActiveCfg = Release|Any CPU
		{91E318DD-AB4A-47C9-8777-E948BC5E1705}.Release|Any CPU.Build.0 = Release|Any CPU
	EndGlobalSection
	GlobalSection(SolutionProperties) = preSolution
		HideSolutionNode = FALSE
	EndGlobalSection
	GlobalSection(ExtensibilityGlobals) = postSolution
		SolutionGuid = {10739CAF-5E2E-4D39-977B-2B219A1C512C}
	EndGlobalSection
EndGlobal
